// !$*UTF8*$!
{
	archiveVersion = 1;
	classes = {
	};
	objectVersion = 56;
	objects = {

/* Begin PBXBuildFile section */
		8C1853102AAAC2CF00254CFE /* LocationManager.swift in Sources */ = {isa = PBXBuildFile; fileRef = 8C18530F2AAAC2CF00254CFE /* LocationManager.swift */; };
		8C6823812AAA74CF001CBEA8 /* CommunicateZunUsecase.swift in Sources */ = {isa = PBXBuildFile; fileRef = 8C6823802AAA74CF001CBEA8 /* CommunicateZunUsecase.swift */; };
		8C6823832AAA7931001CBEA8 /* ZunMessageObserver.swift in Sources */ = {isa = PBXBuildFile; fileRef = 8C6823822AAA7931001CBEA8 /* ZunMessageObserver.swift */; };
		8C6823852AAA7F13001CBEA8 /* Message.swift in Sources */ = {isa = PBXBuildFile; fileRef = 8C6823842AAA7F13001CBEA8 /* Message.swift */; };
		8C69966C2AA9F95B00873F26 /* ZunaviApp.swift in Sources */ = {isa = PBXBuildFile; fileRef = 8C69966B2AA9F95B00873F26 /* ZunaviApp.swift */; };
		8C69966E2AA9F95B00873F26 /* ContentView.swift in Sources */ = {isa = PBXBuildFile; fileRef = 8C69966D2AA9F95B00873F26 /* ContentView.swift */; };
		8C6996702AA9F95C00873F26 /* Assets.xcassets in Resources */ = {isa = PBXBuildFile; fileRef = 8C69966F2AA9F95C00873F26 /* Assets.xcassets */; };
		8C6996732AA9F95C00873F26 /* Preview Assets.xcassets in Resources */ = {isa = PBXBuildFile; fileRef = 8C6996722AA9F95C00873F26 /* Preview Assets.xcassets */; };
		8C6996752AA9F95C00873F26 /* Persistence.swift in Sources */ = {isa = PBXBuildFile; fileRef = 8C6996742AA9F95C00873F26 /* Persistence.swift */; };
		8C6996782AA9F95C00873F26 /* Zunavi.xcdatamodeld in Sources */ = {isa = PBXBuildFile; fileRef = 8C6996762AA9F95C00873F26 /* Zunavi.xcdatamodeld */; };
		8C6996822AA9F95C00873F26 /* ZunaviTests.swift in Sources */ = {isa = PBXBuildFile; fileRef = 8C6996812AA9F95C00873F26 /* ZunaviTests.swift */; };
		8C69968C2AA9F95C00873F26 /* ZunaviUITests.swift in Sources */ = {isa = PBXBuildFile; fileRef = 8C69968B2AA9F95C00873F26 /* ZunaviUITests.swift */; };
		8C69968E2AA9F95C00873F26 /* ZunaviUITestsLaunchTests.swift in Sources */ = {isa = PBXBuildFile; fileRef = 8C69968D2AA9F95C00873F26 /* ZunaviUITestsLaunchTests.swift */; };
/* End PBXBuildFile section */

/* Begin PBXContainerItemProxy section */
		8C69967E2AA9F95C00873F26 /* PBXContainerItemProxy */ = {
			isa = PBXContainerItemProxy;
			containerPortal = 8C6996602AA9F95B00873F26 /* Project object */;
			proxyType = 1;
			remoteGlobalIDString = 8C6996672AA9F95B00873F26;
			remoteInfo = Zunavi;
		};
		8C6996882AA9F95C00873F26 /* PBXContainerItemProxy */ = {
			isa = PBXContainerItemProxy;
			containerPortal = 8C6996602AA9F95B00873F26 /* Project object */;
			proxyType = 1;
			remoteGlobalIDString = 8C6996672AA9F95B00873F26;
			remoteInfo = Zunavi;
		};
/* End PBXContainerItemProxy section */

/* Begin PBXFileReference section */
		8C18530F2AAAC2CF00254CFE /* LocationManager.swift */ = {isa = PBXFileReference; lastKnownFileType = sourcecode.swift; path = LocationManager.swift; sourceTree = "<group>"; };
		8C1853112AAAC38500254CFE /* Info.plist */ = {isa = PBXFileReference; lastKnownFileType = text.plist; path = Info.plist; sourceTree = "<group>"; };
		8C6823802AAA74CF001CBEA8 /* CommunicateZunUsecase.swift */ = {isa = PBXFileReference; lastKnownFileType = sourcecode.swift; path = CommunicateZunUsecase.swift; sourceTree = "<group>"; };
		8C6823822AAA7931001CBEA8 /* ZunMessageObserver.swift */ = {isa = PBXFileReference; lastKnownFileType = sourcecode.swift; path = ZunMessageObserver.swift; sourceTree = "<group>"; };
		8C6823842AAA7F13001CBEA8 /* Message.swift */ = {isa = PBXFileReference; lastKnownFileType = sourcecode.swift; path = Message.swift; sourceTree = "<group>"; };
		8C6996682AA9F95B00873F26 /* Zunavi.app */ = {isa = PBXFileReference; explicitFileType = wrapper.application; includeInIndex = 0; path = Zunavi.app; sourceTree = BUILT_PRODUCTS_DIR; };
		8C69966B2AA9F95B00873F26 /* ZunaviApp.swift */ = {isa = PBXFileReference; lastKnownFileType = sourcecode.swift; path = ZunaviApp.swift; sourceTree = "<group>"; };
		8C69966D2AA9F95B00873F26 /* ContentView.swift */ = {isa = PBXFileReference; lastKnownFileType = sourcecode.swift; path = ContentView.swift; sourceTree = "<group>"; };
		8C69966F2AA9F95C00873F26 /* Assets.xcassets */ = {isa = PBXFileReference; lastKnownFileType = folder.assetcatalog; path = Assets.xcassets; sourceTree = "<group>"; };
		8C6996722AA9F95C00873F26 /* Preview Assets.xcassets */ = {isa = PBXFileReference; lastKnownFileType = folder.assetcatalog; path = "Preview Assets.xcassets"; sourceTree = "<group>"; };
		8C6996742AA9F95C00873F26 /* Persistence.swift */ = {isa = PBXFileReference; lastKnownFileType = sourcecode.swift; path = Persistence.swift; sourceTree = "<group>"; };
		8C6996772AA9F95C00873F26 /* Zunavi.xcdatamodel */ = {isa = PBXFileReference; lastKnownFileType = wrapper.xcdatamodel; path = Zunavi.xcdatamodel; sourceTree = "<group>"; };
		8C69967D2AA9F95C00873F26 /* ZunaviTests.xctest */ = {isa = PBXFileReference; explicitFileType = wrapper.cfbundle; includeInIndex = 0; path = ZunaviTests.xctest; sourceTree = BUILT_PRODUCTS_DIR; };
		8C6996812AA9F95C00873F26 /* ZunaviTests.swift */ = {isa = PBXFileReference; lastKnownFileType = sourcecode.swift; path = ZunaviTests.swift; sourceTree = "<group>"; };
		8C6996872AA9F95C00873F26 /* ZunaviUITests.xctest */ = {isa = PBXFileReference; explicitFileType = wrapper.cfbundle; includeInIndex = 0; path = ZunaviUITests.xctest; sourceTree = BUILT_PRODUCTS_DIR; };
		8C69968B2AA9F95C00873F26 /* ZunaviUITests.swift */ = {isa = PBXFileReference; lastKnownFileType = sourcecode.swift; path = ZunaviUITests.swift; sourceTree = "<group>"; };
		8C69968D2AA9F95C00873F26 /* ZunaviUITestsLaunchTests.swift */ = {isa = PBXFileReference; lastKnownFileType = sourcecode.swift; path = ZunaviUITestsLaunchTests.swift; sourceTree = "<group>"; };
/* End PBXFileReference section */

/* Begin PBXFrameworksBuildPhase section */
		8C6996652AA9F95B00873F26 /* Frameworks */ = {
			isa = PBXFrameworksBuildPhase;
			buildActionMask = 2147483647;
			files = (
			);
			runOnlyForDeploymentPostprocessing = 0;
		};
		8C69967A2AA9F95C00873F26 /* Frameworks */ = {
			isa = PBXFrameworksBuildPhase;
			buildActionMask = 2147483647;
			files = (
			);
			runOnlyForDeploymentPostprocessing = 0;
		};
		8C6996842AA9F95C00873F26 /* Frameworks */ = {
			isa = PBXFrameworksBuildPhase;
			buildActionMask = 2147483647;
			files = (
			);
			runOnlyForDeploymentPostprocessing = 0;
		};
/* End PBXFrameworksBuildPhase section */

/* Begin PBXGroup section */
		8C69965F2AA9F95B00873F26 = {
			isa = PBXGroup;
			children = (
				8C69966A2AA9F95B00873F26 /* Zunavi */,
				8C6996802AA9F95C00873F26 /* ZunaviTests */,
				8C69968A2AA9F95C00873F26 /* ZunaviUITests */,
				8C6996692AA9F95B00873F26 /* Products */,
			);
			sourceTree = "<group>";
		};
		8C6996692AA9F95B00873F26 /* Products */ = {
			isa = PBXGroup;
			children = (
				8C6996682AA9F95B00873F26 /* Zunavi.app */,
				8C69967D2AA9F95C00873F26 /* ZunaviTests.xctest */,
				8C6996872AA9F95C00873F26 /* ZunaviUITests.xctest */,
			);
			name = Products;
			sourceTree = "<group>";
		};
		8C69966A2AA9F95B00873F26 /* Zunavi */ = {
			isa = PBXGroup;
			children = (
				8C1853112AAAC38500254CFE /* Info.plist */,
				8C69966B2AA9F95B00873F26 /* ZunaviApp.swift */,
				8C69966D2AA9F95B00873F26 /* ContentView.swift */,
				8C69966F2AA9F95C00873F26 /* Assets.xcassets */,
				8C6996742AA9F95C00873F26 /* Persistence.swift */,
				8C6996762AA9F95C00873F26 /* Zunavi.xcdatamodeld */,
				8C6996712AA9F95C00873F26 /* Preview Content */,
				8C6823802AAA74CF001CBEA8 /* CommunicateZunUsecase.swift */,
				8C6823822AAA7931001CBEA8 /* ZunMessageObserver.swift */,
				8C6823842AAA7F13001CBEA8 /* Message.swift */,
				8C18530F2AAAC2CF00254CFE /* LocationManager.swift */,
			);
			path = Zunavi;
			sourceTree = "<group>";
		};
		8C6996712AA9F95C00873F26 /* Preview Content */ = {
			isa = PBXGroup;
			children = (
				8C6996722AA9F95C00873F26 /* Preview Assets.xcassets */,
			);
			path = "Preview Content";
			sourceTree = "<group>";
		};
		8C6996802AA9F95C00873F26 /* ZunaviTests */ = {
			isa = PBXGroup;
			children = (
				8C6996812AA9F95C00873F26 /* ZunaviTests.swift */,
			);
			path = ZunaviTests;
			sourceTree = "<group>";
		};
		8C69968A2AA9F95C00873F26 /* ZunaviUITests */ = {
			isa = PBXGroup;
			children = (
				8C69968B2AA9F95C00873F26 /* ZunaviUITests.swift */,
				8C69968D2AA9F95C00873F26 /* ZunaviUITestsLaunchTests.swift */,
			);
			path = ZunaviUITests;
			sourceTree = "<group>";
		};
/* End PBXGroup section */

/* Begin PBXNativeTarget section */
		8C6996672AA9F95B00873F26 /* Zunavi */ = {
			isa = PBXNativeTarget;
			buildConfigurationList = 8C6996912AA9F95C00873F26 /* Build configuration list for PBXNativeTarget "Zunavi" */;
			buildPhases = (
				8C6996642AA9F95B00873F26 /* Sources */,
				8C6996652AA9F95B00873F26 /* Frameworks */,
				8C6996662AA9F95B00873F26 /* Resources */,
			);
			buildRules = (
			);
			dependencies = (
			);
			name = Zunavi;
			productName = Zunavi;
			productReference = 8C6996682AA9F95B00873F26 /* Zunavi.app */;
			productType = "com.apple.product-type.application";
		};
		8C69967C2AA9F95C00873F26 /* ZunaviTests */ = {
			isa = PBXNativeTarget;
			buildConfigurationList = 8C6996942AA9F95C00873F26 /* Build configuration list for PBXNativeTarget "ZunaviTests" */;
			buildPhases = (
				8C6996792AA9F95C00873F26 /* Sources */,
				8C69967A2AA9F95C00873F26 /* Frameworks */,
				8C69967B2AA9F95C00873F26 /* Resources */,
			);
			buildRules = (
			);
			dependencies = (
				8C69967F2AA9F95C00873F26 /* PBXTargetDependency */,
			);
			name = ZunaviTests;
			productName = ZunaviTests;
			productReference = 8C69967D2AA9F95C00873F26 /* ZunaviTests.xctest */;
			productType = "com.apple.product-type.bundle.unit-test";
		};
		8C6996862AA9F95C00873F26 /* ZunaviUITests */ = {
			isa = PBXNativeTarget;
			buildConfigurationList = 8C6996972AA9F95C00873F26 /* Build configuration list for PBXNativeTarget "ZunaviUITests" */;
			buildPhases = (
				8C6996832AA9F95C00873F26 /* Sources */,
				8C6996842AA9F95C00873F26 /* Frameworks */,
				8C6996852AA9F95C00873F26 /* Resources */,
			);
			buildRules = (
			);
			dependencies = (
				8C6996892AA9F95C00873F26 /* PBXTargetDependency */,
			);
			name = ZunaviUITests;
			productName = ZunaviUITests;
			productReference = 8C6996872AA9F95C00873F26 /* ZunaviUITests.xctest */;
			productType = "com.apple.product-type.bundle.ui-testing";
		};
/* End PBXNativeTarget section */

/* Begin PBXProject section */
		8C6996602AA9F95B00873F26 /* Project object */ = {
			isa = PBXProject;
			attributes = {
				BuildIndependentTargetsInParallel = 1;
				LastSwiftUpdateCheck = 1430;
				LastUpgradeCheck = 1430;
				TargetAttributes = {
					8C6996672AA9F95B00873F26 = {
						CreatedOnToolsVersion = 14.3.1;
					};
					8C69967C2AA9F95C00873F26 = {
						CreatedOnToolsVersion = 14.3.1;
						TestTargetID = 8C6996672AA9F95B00873F26;
					};
					8C6996862AA9F95C00873F26 = {
						CreatedOnToolsVersion = 14.3.1;
						TestTargetID = 8C6996672AA9F95B00873F26;
					};
				};
			};
			buildConfigurationList = 8C6996632AA9F95B00873F26 /* Build configuration list for PBXProject "Zunavi" */;
			compatibilityVersion = "Xcode 14.0";
			developmentRegion = en;
			hasScannedForEncodings = 0;
			knownRegions = (
				en,
				Base,
			);
			mainGroup = 8C69965F2AA9F95B00873F26;
			productRefGroup = 8C6996692AA9F95B00873F26 /* Products */;
			projectDirPath = "";
			projectRoot = "";
			targets = (
				8C6996672AA9F95B00873F26 /* Zunavi */,
				8C69967C2AA9F95C00873F26 /* ZunaviTests */,
				8C6996862AA9F95C00873F26 /* ZunaviUITests */,
			);
		};
/* End PBXProject section */

/* Begin PBXResourcesBuildPhase section */
		8C6996662AA9F95B00873F26 /* Resources */ = {
			isa = PBXResourcesBuildPhase;
			buildActionMask = 2147483647;
			files = (
				8C6996732AA9F95C00873F26 /* Preview Assets.xcassets in Resources */,
				8C6996702AA9F95C00873F26 /* Assets.xcassets in Resources */,
			);
			runOnlyForDeploymentPostprocessing = 0;
		};
		8C69967B2AA9F95C00873F26 /* Resources */ = {
			isa = PBXResourcesBuildPhase;
			buildActionMask = 2147483647;
			files = (
			);
			runOnlyForDeploymentPostprocessing = 0;
		};
		8C6996852AA9F95C00873F26 /* Resources */ = {
			isa = PBXResourcesBuildPhase;
			buildActionMask = 2147483647;
			files = (
			);
			runOnlyForDeploymentPostprocessing = 0;
		};
/* End PBXResourcesBuildPhase section */

/* Begin PBXSourcesBuildPhase section */
		8C6996642AA9F95B00873F26 /* Sources */ = {
			isa = PBXSourcesBuildPhase;
			buildActionMask = 2147483647;
			files = (
				8C6996782AA9F95C00873F26 /* Zunavi.xcdatamodeld in Sources */,
				8C6823832AAA7931001CBEA8 /* ZunMessageObserver.swift in Sources */,
				8C6996752AA9F95C00873F26 /* Persistence.swift in Sources */,
				8C69966E2AA9F95B00873F26 /* ContentView.swift in Sources */,
				8C1853102AAAC2CF00254CFE /* LocationManager.swift in Sources */,
				8C6823812AAA74CF001CBEA8 /* CommunicateZunUsecase.swift in Sources */,
				8C69966C2AA9F95B00873F26 /* ZunaviApp.swift in Sources */,
				8C6823852AAA7F13001CBEA8 /* Message.swift in Sources */,
			);
			runOnlyForDeploymentPostprocessing = 0;
		};
		8C6996792AA9F95C00873F26 /* Sources */ = {
			isa = PBXSourcesBuildPhase;
			buildActionMask = 2147483647;
			files = (
				8C6996822AA9F95C00873F26 /* ZunaviTests.swift in Sources */,
			);
			runOnlyForDeploymentPostprocessing = 0;
		};
		8C6996832AA9F95C00873F26 /* Sources */ = {
			isa = PBXSourcesBuildPhase;
			buildActionMask = 2147483647;
			files = (
				8C69968C2AA9F95C00873F26 /* ZunaviUITests.swift in Sources */,
				8C69968E2AA9F95C00873F26 /* ZunaviUITestsLaunchTests.swift in Sources */,
			);
			runOnlyForDeploymentPostprocessing = 0;
		};
/* End PBXSourcesBuildPhase section */

/* Begin PBXTargetDependency section */
		8C69967F2AA9F95C00873F26 /* PBXTargetDependency */ = {
			isa = PBXTargetDependency;
			target = 8C6996672AA9F95B00873F26 /* Zunavi */;
			targetProxy = 8C69967E2AA9F95C00873F26 /* PBXContainerItemProxy */;
		};
		8C6996892AA9F95C00873F26 /* PBXTargetDependency */ = {
			isa = PBXTargetDependency;
			target = 8C6996672AA9F95B00873F26 /* Zunavi */;
			targetProxy = 8C6996882AA9F95C00873F26 /* PBXContainerItemProxy */;
		};
/* End PBXTargetDependency section */

/* Begin XCBuildConfiguration section */
		8C69968F2AA9F95C00873F26 /* Debug */ = {
			isa = XCBuildConfiguration;
			buildSettings = {
				ALWAYS_SEARCH_USER_PATHS = NO;
				CLANG_ANALYZER_NONNULL = YES;
				CLANG_ANALYZER_NUMBER_OBJECT_CONVERSION = YES_AGGRESSIVE;
				CLANG_CXX_LANGUAGE_STANDARD = "gnu++20";
				CLANG_ENABLE_MODULES = YES;
				CLANG_ENABLE_OBJC_ARC = YES;
				CLANG_ENABLE_OBJC_WEAK = YES;
				CLANG_WARN_BLOCK_CAPTURE_AUTORELEASING = YES;
				CLANG_WARN_BOOL_CONVERSION = YES;
				CLANG_WARN_COMMA = YES;
				CLANG_WARN_CONSTANT_CONVERSION = YES;
				CLANG_WARN_DEPRECATED_OBJC_IMPLEMENTATIONS = YES;
				CLANG_WARN_DIRECT_OBJC_ISA_USAGE = YES_ERROR;
				CLANG_WARN_DOCUMENTATION_COMMENTS = YES;
				CLANG_WARN_EMPTY_BODY = YES;
				CLANG_WARN_ENUM_CONVERSION = YES;
				CLANG_WARN_INFINITE_RECURSION = YES;
				CLANG_WARN_INT_CONVERSION = YES;
				CLANG_WARN_NON_LITERAL_NULL_CONVERSION = YES;
				CLANG_WARN_OBJC_IMPLICIT_RETAIN_SELF = YES;
				CLANG_WARN_OBJC_LITERAL_CONVERSION = YES;
				CLANG_WARN_OBJC_ROOT_CLASS = YES_ERROR;
				CLANG_WARN_QUOTED_INCLUDE_IN_FRAMEWORK_HEADER = YES;
				CLANG_WARN_RANGE_LOOP_ANALYSIS = YES;
				CLANG_WARN_STRICT_PROTOTYPES = YES;
				CLANG_WARN_SUSPICIOUS_MOVE = YES;
				CLANG_WARN_UNGUARDED_AVAILABILITY = YES_AGGRESSIVE;
				CLANG_WARN_UNREACHABLE_CODE = YES;
				CLANG_WARN__DUPLICATE_METHOD_MATCH = YES;
				COPY_PHASE_STRIP = NO;
				DEBUG_INFORMATION_FORMAT = dwarf;
				ENABLE_STRICT_OBJC_MSGSEND = YES;
				ENABLE_TESTABILITY = YES;
				GCC_C_LANGUAGE_STANDARD = gnu11;
				GCC_DYNAMIC_NO_PIC = NO;
				GCC_NO_COMMON_BLOCKS = YES;
				GCC_OPTIMIZATION_LEVEL = 0;
				GCC_PREPROCESSOR_DEFINITIONS = (
					"DEBUG=1",
					"$(inherited)",
				);
				GCC_WARN_64_TO_32_BIT_CONVERSION = YES;
				GCC_WARN_ABOUT_RETURN_TYPE = YES_ERROR;
				GCC_WARN_UNDECLARED_SELECTOR = YES;
				GCC_WARN_UNINITIALIZED_AUTOS = YES_AGGRESSIVE;
				GCC_WARN_UNUSED_FUNCTION = YES;
				GCC_WARN_UNUSED_VARIABLE = YES;
				IPHONEOS_DEPLOYMENT_TARGET = 16.4;
				MTL_ENABLE_DEBUG_INFO = INCLUDE_SOURCE;
				MTL_FAST_MATH = YES;
				ONLY_ACTIVE_ARCH = YES;
				SDKROOT = iphoneos;
				SWIFT_ACTIVE_COMPILATION_CONDITIONS = DEBUG;
				SWIFT_OPTIMIZATION_LEVEL = "-Onone";
			};
			name = Debug;
		};
		8C6996902AA9F95C00873F26 /* Release */ = {
			isa = XCBuildConfiguration;
			buildSettings = {
				ALWAYS_SEARCH_USER_PATHS = NO;
				CLANG_ANALYZER_NONNULL = YES;
				CLANG_ANALYZER_NUMBER_OBJECT_CONVERSION = YES_AGGRESSIVE;
				CLANG_CXX_LANGUAGE_STANDARD = "gnu++20";
				CLANG_ENABLE_MODULES = YES;
				CLANG_ENABLE_OBJC_ARC = YES;
				CLANG_ENABLE_OBJC_WEAK = YES;
				CLANG_WARN_BLOCK_CAPTURE_AUTORELEASING = YES;
				CLANG_WARN_BOOL_CONVERSION = YES;
				CLANG_WARN_COMMA = YES;
				CLANG_WARN_CONSTANT_CONVERSION = YES;
				CLANG_WARN_DEPRECATED_OBJC_IMPLEMENTATIONS = YES;
				CLANG_WARN_DIRECT_OBJC_ISA_USAGE = YES_ERROR;
				CLANG_WARN_DOCUMENTATION_COMMENTS = YES;
				CLANG_WARN_EMPTY_BODY = YES;
				CLANG_WARN_ENUM_CONVERSION = YES;
				CLANG_WARN_INFINITE_RECURSION = YES;
				CLANG_WARN_INT_CONVERSION = YES;
				CLANG_WARN_NON_LITERAL_NULL_CONVERSION = YES;
				CLANG_WARN_OBJC_IMPLICIT_RETAIN_SELF = YES;
				CLANG_WARN_OBJC_LITERAL_CONVERSION = YES;
				CLANG_WARN_OBJC_ROOT_CLASS = YES_ERROR;
				CLANG_WARN_QUOTED_INCLUDE_IN_FRAMEWORK_HEADER = YES;
				CLANG_WARN_RANGE_LOOP_ANALYSIS = YES;
				CLANG_WARN_STRICT_PROTOTYPES = YES;
				CLANG_WARN_SUSPICIOUS_MOVE = YES;
				CLANG_WARN_UNGUARDED_AVAILABILITY = YES_AGGRESSIVE;
				CLANG_WARN_UNREACHABLE_CODE = YES;
				CLANG_WARN__DUPLICATE_METHOD_MATCH = YES;
				COPY_PHASE_STRIP = NO;
				DEBUG_INFORMATION_FORMAT = "dwarf-with-dsym";
				ENABLE_NS_ASSERTIONS = NO;
				ENABLE_STRICT_OBJC_MSGSEND = YES;
				GCC_C_LANGUAGE_STANDARD = gnu11;
				GCC_NO_COMMON_BLOCKS = YES;
				GCC_WARN_64_TO_32_BIT_CONVERSION = YES;
				GCC_WARN_ABOUT_RETURN_TYPE = YES_ERROR;
				GCC_WARN_UNDECLARED_SELECTOR = YES;
				GCC_WARN_UNINITIALIZED_AUTOS = YES_AGGRESSIVE;
				GCC_WARN_UNUSED_FUNCTION = YES;
				GCC_WARN_UNUSED_VARIABLE = YES;
				IPHONEOS_DEPLOYMENT_TARGET = 16.4;
				MTL_ENABLE_DEBUG_INFO = NO;
				MTL_FAST_MATH = YES;
				SDKROOT = iphoneos;
				SWIFT_COMPILATION_MODE = wholemodule;
				SWIFT_OPTIMIZATION_LEVEL = "-O";
				VALIDATE_PRODUCT = YES;
			};
			name = Release;
		};
		8C6996922AA9F95C00873F26 /* Debug */ = {
			isa = XCBuildConfiguration;
			buildSettings = {
				ASSETCATALOG_COMPILER_APPICON_NAME = AppIcon;
				ASSETCATALOG_COMPILER_GLOBAL_ACCENT_COLOR_NAME = AccentColor;
				CODE_SIGN_STYLE = Automatic;
				CURRENT_PROJECT_VERSION = 1;
				DEVELOPMENT_ASSET_PATHS = "\"Zunavi/Preview Content\"";
				DEVELOPMENT_TEAM = 952FM6RL8A;
				ENABLE_PREVIEWS = YES;
				GENERATE_INFOPLIST_FILE = YES;
				INFOPLIST_FILE = Zunavi/Info.plist;
				INFOPLIST_KEY_NSLocationWhenInUseUsageDescription = "最適なレコメンドを提供するために位置情報を利用します。";
				INFOPLIST_KEY_UIApplicationSceneManifest_Generation = YES;
				INFOPLIST_KEY_UIApplicationSupportsIndirectInputEvents = YES;
				INFOPLIST_KEY_UILaunchScreen_Generation = YES;
				INFOPLIST_KEY_UISupportedInterfaceOrientations_iPad = "UIInterfaceOrientationPortrait UIInterfaceOrientationPortraitUpsideDown UIInterfaceOrientationLandscapeLeft UIInterfaceOrientationLandscapeRight";
				INFOPLIST_KEY_UISupportedInterfaceOrientations_iPhone = "UIInterfaceOrientationPortrait UIInterfaceOrientationLandscapeLeft UIInterfaceOrientationLandscapeRight";
				LD_RUNPATH_SEARCH_PATHS = (
					"$(inherited)",
					"@executable_path/Frameworks",
				);
				MARKETING_VERSION = 1.0;
				PRODUCT_BUNDLE_IDENTIFIER = funobu.Zunavi;
				PRODUCT_NAME = "$(TARGET_NAME)";
				SWIFT_EMIT_LOC_STRINGS = YES;
				SWIFT_VERSION = 5.0;
				TARGETED_DEVICE_FAMILY = "1,2";
			};
			name = Debug;
		};
		8C6996932AA9F95C00873F26 /* Release */ = {
			isa = XCBuildConfiguration;
			buildSettings = {
				ASSETCATALOG_COMPILER_APPICON_NAME = AppIcon;
				ASSETCATALOG_COMPILER_GLOBAL_ACCENT_COLOR_NAME = AccentColor;
				CODE_SIGN_STYLE = Automatic;
				CURRENT_PROJECT_VERSION = 1;
				DEVELOPMENT_ASSET_PATHS = "\"Zunavi/Preview Content\"";
				DEVELOPMENT_TEAM = 952FM6RL8A;
				ENABLE_PREVIEWS = YES;
				GENERATE_INFOPLIST_FILE = YES;
				INFOPLIST_FILE = Zunavi/Info.plist;
				INFOPLIST_KEY_NSLocationWhenInUseUsageDescription = "最適なレコメンドを提供するために位置情報を利用します。";
				INFOPLIST_KEY_UIApplicationSceneManifest_Generation = YES;
				INFOPLIST_KEY_UIApplicationSupportsIndirectInputEvents = YES;
				INFOPLIST_KEY_UILaunchScreen_Generation = YES;
				INFOPLIST_KEY_UISupportedInterfaceOrientations_iPad = "UIInterfaceOrientationPortrait UIInterfaceOrientationPortraitUpsideDown UIInterfaceOrientationLandscapeLeft UIInterfaceOrientationLandscapeRight";
				INFOPLIST_KEY_UISupportedInterfaceOrientations_iPhone = "UIInterfaceOrientationPortrait UIInterfaceOrientationLandscapeLeft UIInterfaceOrientationLandscapeRight";
				LD_RUNPATH_SEARCH_PATHS = (
					"$(inherited)",
					"@executable_path/Frameworks",
				);
				MARKETING_VERSION = 1.0;
				PRODUCT_BUNDLE_IDENTIFIER = funobu.Zunavi;
				PRODUCT_NAME = "$(TARGET_NAME)";
				SWIFT_EMIT_LOC_STRINGS = YES;
				SWIFT_VERSION = 5.0;
				TARGETED_DEVICE_FAMILY = "1,2";
			};
			name = Release;
		};
		8C6996952AA9F95C00873F26 /* Debug */ = {
			isa = XCBuildConfiguration;
			buildSettings = {
				ALWAYS_EMBED_SWIFT_STANDARD_LIBRARIES = YES;
				BUNDLE_LOADER = "$(TEST_HOST)";
				CODE_SIGN_STYLE = Automatic;
				CURRENT_PROJECT_VERSION = 1;
				DEVELOPMENT_TEAM = 952FM6RL8A;
				GENERATE_INFOPLIST_FILE = YES;
				IPHONEOS_DEPLOYMENT_TARGET = 16.4;
				MARKETING_VERSION = 1.0;
				PRODUCT_BUNDLE_IDENTIFIER = funobu.ZunaviTests;
				PRODUCT_NAME = "$(TARGET_NAME)";
				SWIFT_EMIT_LOC_STRINGS = NO;
				SWIFT_VERSION = 5.0;
				TARGETED_DEVICE_FAMILY = "1,2";
				TEST_HOST = "$(BUILT_PRODUCTS_DIR)/Zunavi.app/$(BUNDLE_EXECUTABLE_FOLDER_PATH)/Zunavi";
			};
			name = Debug;
		};
		8C6996962AA9F95C00873F26 /* Release */ = {
			isa = XCBuildConfiguration;
			buildSettings = {
				ALWAYS_EMBED_SWIFT_STANDARD_LIBRARIES = YES;
				BUNDLE_LOADER = "$(TEST_HOST)";
				CODE_SIGN_STYLE = Automatic;
				CURRENT_PROJECT_VERSION = 1;
				DEVELOPMENT_TEAM = 952FM6RL8A;
				GENERATE_INFOPLIST_FILE = YES;
				IPHONEOS_DEPLOYMENT_TARGET = 16.4;
				MARKETING_VERSION = 1.0;
				PRODUCT_BUNDLE_IDENTIFIER = funobu.ZunaviTests;
				PRODUCT_NAME = "$(TARGET_NAME)";
				SWIFT_EMIT_LOC_STRINGS = NO;
				SWIFT_VERSION = 5.0;
				TARGETED_DEVICE_FAMILY = "1,2";
				TEST_HOST = "$(BUILT_PRODUCTS_DIR)/Zunavi.app/$(BUNDLE_EXECUTABLE_FOLDER_PATH)/Zunavi";
			};
			name = Release;
		};
		8C6996982AA9F95C00873F26 /* Debug */ = {
			isa = XCBuildConfiguration;
			buildSettings = {
				ALWAYS_EMBED_SWIFT_STANDARD_LIBRARIES = YES;
				CODE_SIGN_STYLE = Automatic;
				CURRENT_PROJECT_VERSION = 1;
				DEVELOPMENT_TEAM = 952FM6RL8A;
				GENERATE_INFOPLIST_FILE = YES;
				MARKETING_VERSION = 1.0;
				PRODUCT_BUNDLE_IDENTIFIER = funobu.ZunaviUITests;
				PRODUCT_NAME = "$(TARGET_NAME)";
				SWIFT_EMIT_LOC_STRINGS = NO;
				SWIFT_VERSION = 5.0;
				TARGETED_DEVICE_FAMILY = "1,2";
				TEST_TARGET_NAME = Zunavi;
			};
			name = Debug;
		};
		8C6996992AA9F95C00873F26 /* Release */ = {
			isa = XCBuildConfiguration;
			buildSettings = {
				ALWAYS_EMBED_SWIFT_STANDARD_LIBRARIES = YES;
				CODE_SIGN_STYLE = Automatic;
				CURRENT_PROJECT_VERSION = 1;
				DEVELOPMENT_TEAM = 952FM6RL8A;
				GENERATE_INFOPLIST_FILE = YES;
				MARKETING_VERSION = 1.0;
				PRODUCT_BUNDLE_IDENTIFIER = funobu.ZunaviUITests;
				PRODUCT_NAME = "$(TARGET_NAME)";
				SWIFT_EMIT_LOC_STRINGS = NO;
				SWIFT_VERSION = 5.0;
				TARGETED_DEVICE_FAMILY = "1,2";
				TEST_TARGET_NAME = Zunavi;
			};
			name = Release;
		};
/* End XCBuildConfiguration section */

/* Begin XCConfigurationList section */
		8C6996632AA9F95B00873F26 /* Build configuration list for PBXProject "Zunavi" */ = {
			isa = XCConfigurationList;
			buildConfigurations = (
				8C69968F2AA9F95C00873F26 /* Debug */,
				8C6996902AA9F95C00873F26 /* Release */,
			);
			defaultConfigurationIsVisible = 0;
			defaultConfigurationName = Release;
		};
		8C6996912AA9F95C00873F26 /* Build configuration list for PBXNativeTarget "Zunavi" */ = {
			isa = XCConfigurationList;
			buildConfigurations = (
				8C6996922AA9F95C00873F26 /* Debug */,
				8C6996932AA9F95C00873F26 /* Release */,
			);
			defaultConfigurationIsVisible = 0;
			defaultConfigurationName = Release;
		};
		8C6996942AA9F95C00873F26 /* Build configuration list for PBXNativeTarget "ZunaviTests" */ = {
			isa = XCConfigurationList;
			buildConfigurations = (
				8C6996952AA9F95C00873F26 /* Debug */,
				8C6996962AA9F95C00873F26 /* Release */,
			);
			defaultConfigurationIsVisible = 0;
			defaultConfigurationName = Release;
		};
		8C6996972AA9F95C00873F26 /* Build configuration list for PBXNativeTarget "ZunaviUITests" */ = {
			isa = XCConfigurationList;
			buildConfigurations = (
				8C6996982AA9F95C00873F26 /* Debug */,
				8C6996992AA9F95C00873F26 /* Release */,
			);
			defaultConfigurationIsVisible = 0;
			defaultConfigurationName = Release;
		};
/* End XCConfigurationList section */

/* Begin XCVersionGroup section */
		8C6996762AA9F95C00873F26 /* Zunavi.xcdatamodeld */ = {
			isa = XCVersionGroup;
			children = (
				8C6996772AA9F95C00873F26 /* Zunavi.xcdatamodel */,
			);
			currentVersion = 8C6996772AA9F95C00873F26 /* Zunavi.xcdatamodel */;
			path = Zunavi.xcdatamodeld;
			sourceTree = "<group>";
			versionGroupType = wrapper.xcdatamodel;
		};
/* End XCVersionGroup section */
	};
	rootObject = 8C6996602AA9F95B00873F26 /* Project object */;
}
